// !$*UTF8*$!
{
	archiveVersion = 1;
	classes = {
	};
	objectVersion = 46;
	objects = {

/* Begin PBXBuildFile section */
		D059A5EE18CB29CD00AED28B /* Foundation.framework in Frameworks */ = {isa = PBXBuildFile; fileRef = D059A5ED18CB29CD00AED28B /* Foundation.framework */; };
		D059A5F018CB29CD00AED28B /* CoreGraphics.framework in Frameworks */ = {isa = PBXBuildFile; fileRef = D059A5EF18CB29CD00AED28B /* CoreGraphics.framework */; };
		D059A5F218CB29CD00AED28B /* UIKit.framework in Frameworks */ = {isa = PBXBuildFile; fileRef = D059A5F118CB29CD00AED28B /* UIKit.framework */; };
		D059A5F818CB29CD00AED28B /* InfoPlist.strings in Resources */ = {isa = PBXBuildFile; fileRef = D059A5F618CB29CD00AED28B /* InfoPlist.strings */; };
		D059A5FA18CB29CD00AED28B /* main.m in Sources */ = {isa = PBXBuildFile; fileRef = D059A5F918CB29CD00AED28B /* main.m */; };
		D059A5FE18CB29CD00AED28B /* AppDelegate.m in Sources */ = {isa = PBXBuildFile; fileRef = D059A5FD18CB29CD00AED28B /* AppDelegate.m */; };
		D059A60118CB29CD00AED28B /* Main.storyboard in Resources */ = {isa = PBXBuildFile; fileRef = D059A5FF18CB29CD00AED28B /* Main.storyboard */; };
		D059A60418CB29CD00AED28B /* ViewController.m in Sources */ = {isa = PBXBuildFile; fileRef = D059A60318CB29CD00AED28B /* ViewController.m */; };
		D059A60618CB29CD00AED28B /* Images.xcassets in Resources */ = {isa = PBXBuildFile; fileRef = D059A60518CB29CD00AED28B /* Images.xcassets */; };
		D059A60D18CB29CD00AED28B /* XCTest.framework in Frameworks */ = {isa = PBXBuildFile; fileRef = D059A60C18CB29CD00AED28B /* XCTest.framework */; };
		D059A60E18CB29CD00AED28B /* Foundation.framework in Frameworks */ = {isa = PBXBuildFile; fileRef = D059A5ED18CB29CD00AED28B /* Foundation.framework */; };
		D059A60F18CB29CD00AED28B /* UIKit.framework in Frameworks */ = {isa = PBXBuildFile; fileRef = D059A5F118CB29CD00AED28B /* UIKit.framework */; };
		D059A61718CB29CD00AED28B /* InfoPlist.strings in Resources */ = {isa = PBXBuildFile; fileRef = D059A61518CB29CD00AED28B /* InfoPlist.strings */; };
		D059A61918CB29CD00AED28B /* Empty_WindowTests.m in Sources */ = {isa = PBXBuildFile; fileRef = D059A61818CB29CD00AED28B /* Empty_WindowTests.m */; };
		D059A62418CB2B3A00AED28B /* MyRedButton.m in Sources */ = {isa = PBXBuildFile; fileRef = D059A62318CB2B3A00AED28B /* MyRedButton.m */; };
/* End PBXBuildFile section */

/* Begin PBXContainerItemProxy section */
		D059A61018CB29CD00AED28B /* PBXContainerItemProxy */ = {
			isa = PBXContainerItemProxy;
			containerPortal = D059A5E218CB29CD00AED28B /* Project object */;
			proxyType = 1;
			remoteGlobalIDString = D059A5E918CB29CD00AED28B;
			remoteInfo = "Empty Window";
		};
/* End PBXContainerItemProxy section */

/* Begin PBXFileReference section */
		D059A5EA18CB29CD00AED28B /* Empty Window.app */ = {isa = PBXFileReference; explicitFileType = wrapper.application; includeInIndex = 0; path = "Empty Window.app"; sourceTree = BUILT_PRODUCTS_DIR; };
		D059A5ED18CB29CD00AED28B /* Foundation.framework */ = {isa = PBXFileReference; lastKnownFileType = wrapper.framework; name = Foundation.framework; path = System/Library/Frameworks/Foundation.framework; sourceTree = SDKROOT; };
		D059A5EF18CB29CD00AED28B /* CoreGraphics.framework */ = {isa = PBXFileReference; lastKnownFileType = wrapper.framework; name = CoreGraphics.framework; path = System/Library/Frameworks/CoreGraphics.framework; sourceTree = SDKROOT; };
		D059A5F118CB29CD00AED28B /* UIKit.framework */ = {isa = PBXFileReference; lastKnownFileType = wrapper.framework; name = UIKit.framework; path = System/Library/Frameworks/UIKit.framework; sourceTree = SDKROOT; };
		D059A5F518CB29CD00AED28B /* Empty Window-Info.plist */ = {isa = PBXFileReference; lastKnownFileType = text.plist.xml; path = "Empty Window-Info.plist"; sourceTree = "<group>"; };
		D059A5F718CB29CD00AED28B /* en */ = {isa = PBXFileReference; lastKnownFileType = text.plist.strings; name = en; path = en.lproj/InfoPlist.strings; sourceTree = "<group>"; };
		D059A5F918CB29CD00AED28B /* main.m */ = {isa = PBXFileReference; lastKnownFileType = sourcecode.c.objc; path = main.m; sourceTree = "<group>"; };
		D059A5FB18CB29CD00AED28B /* Empty Window-Prefix.pch */ = {isa = PBXFileReference; lastKnownFileType = sourcecode.c.h; path = "Empty Window-Prefix.pch"; sourceTree = "<group>"; };
		D059A5FC18CB29CD00AED28B /* AppDelegate.h */ = {isa = PBXFileReference; lastKnownFileType = sourcecode.c.h; path = AppDelegate.h; sourceTree = "<group>"; };
		D059A5FD18CB29CD00AED28B /* AppDelegate.m */ = {isa = PBXFileReference; lastKnownFileType = sourcecode.c.objc; path = AppDelegate.m; sourceTree = "<group>"; };
		D059A60018CB29CD00AED28B /* Base */ = {isa = PBXFileReference; lastKnownFileType = file.storyboard; name = Base; path = Base.lproj/Main.storyboard; sourceTree = "<group>"; };
		D059A60218CB29CD00AED28B /* ViewController.h */ = {isa = PBXFileReference; lastKnownFileType = sourcecode.c.h; path = ViewController.h; sourceTree = "<group>"; };
		D059A60318CB29CD00AED28B /* ViewController.m */ = {isa = PBXFileReference; lastKnownFileType = sourcecode.c.objc; path = ViewController.m; sourceTree = "<group>"; };
		D059A60518CB29CD00AED28B /* Images.xcassets */ = {isa = PBXFileReference; lastKnownFileType = folder.assetcatalog; path = Images.xcassets; sourceTree = "<group>"; };
		D059A60B18CB29CD00AED28B /* Empty WindowTests.xctest */ = {isa = PBXFileReference; explicitFileType = wrapper.cfbundle; includeInIndex = 0; path = "Empty WindowTests.xctest"; sourceTree = BUILT_PRODUCTS_DIR; };
		D059A60C18CB29CD00AED28B /* XCTest.framework */ = {isa = PBXFileReference; lastKnownFileType = wrapper.framework; name = XCTest.framework; path = Library/Frameworks/XCTest.framework; sourceTree = DEVELOPER_DIR; };
		D059A61418CB29CD00AED28B /* Empty WindowTests-Info.plist */ = {isa = PBXFileReference; lastKnownFileType = text.plist.xml; path = "Empty WindowTests-Info.plist"; sourceTree = "<group>"; };
		D059A61618CB29CD00AED28B /* en */ = {isa = PBXFileReference; lastKnownFileType = text.plist.strings; name = en; path = en.lproj/InfoPlist.strings; sourceTree = "<group>"; };
		D059A61818CB29CD00AED28B /* Empty_WindowTests.m */ = {isa = PBXFileReference; lastKnownFileType = sourcecode.c.objc; path = Empty_WindowTests.m; sourceTree = "<group>"; };
		D059A62218CB2B3A00AED28B /* MyRedButton.h */ = {isa = PBXFileReference; fileEncoding = 4; lastKnownFileType = sourcecode.c.h; path = MyRedButton.h; sourceTree = "<group>"; };
		D059A62318CB2B3A00AED28B /* MyRedButton.m */ = {isa = PBXFileReference; fileEncoding = 4; lastKnownFileType = sourcecode.c.objc; path = MyRedButton.m; sourceTree = "<group>"; };
/* End PBXFileReference section */

/* Begin PBXFrameworksBuildPhase section */
		D059A5E718CB29CD00AED28B /* Frameworks */ = {
			isa = PBXFrameworksBuildPhase;
			buildActionMask = 2147483647;
			files = (
				D059A5F018CB29CD00AED28B /* CoreGraphics.framework in Frameworks */,
				D059A5F218CB29CD00AED28B /* UIKit.framework in Frameworks */,
				D059A5EE18CB29CD00AED28B /* Foundation.framework in Frameworks */,
			);
			runOnlyForDeploymentPostprocessing = 0;
		};
		D059A60818CB29CD00AED28B /* Frameworks */ = {
			isa = PBXFrameworksBuildPhase;
			buildActionMask = 2147483647;
			files = (
				D059A60D18CB29CD00AED28B /* XCTest.framework in Frameworks */,
				D059A60F18CB29CD00AED28B /* UIKit.framework in Frameworks */,
				D059A60E18CB29CD00AED28B /* Foundation.framework in Frameworks */,
			);
			runOnlyForDeploymentPostprocessing = 0;
		};
/* End PBXFrameworksBuildPhase section */

/* Begin PBXGroup section */
		D059A5E118CB29CD00AED28B = {
			isa = PBXGroup;
			children = (
				D059A5F318CB29CD00AED28B /* Empty Window */,
				D059A61218CB29CD00AED28B /* Empty WindowTests */,
				D059A5EC18CB29CD00AED28B /* Frameworks */,
				D059A5EB18CB29CD00AED28B /* Products */,
			);
			sourceTree = "<group>";
		};
		D059A5EB18CB29CD00AED28B /* Products */ = {
			isa = PBXGroup;
			children = (
				D059A5EA18CB29CD00AED28B /* Empty Window.app */,
				D059A60B18CB29CD00AED28B /* Empty WindowTests.xctest */,
			);
			name = Products;
			sourceTree = "<group>";
		};
		D059A5EC18CB29CD00AED28B /* Frameworks */ = {
			isa = PBXGroup;
			children = (
				D059A5ED18CB29CD00AED28B /* Foundation.framework */,
				D059A5EF18CB29CD00AED28B /* CoreGraphics.framework */,
				D059A5F118CB29CD00AED28B /* UIKit.framework */,
				D059A60C18CB29CD00AED28B /* XCTest.framework */,
			);
			name = Frameworks;
			sourceTree = "<group>";
		};
		D059A5F318CB29CD00AED28B /* Empty Window */ = {
			isa = PBXGroup;
			children = (
				D059A5FC18CB29CD00AED28B /* AppDelegate.h */,
				D059A5FD18CB29CD00AED28B /* AppDelegate.m */,
				D059A5FF18CB29CD00AED28B /* Main.storyboard */,
				D059A62218CB2B3A00AED28B /* MyRedButton.h */,
				D059A62318CB2B3A00AED28B /* MyRedButton.m */,
				D059A60218CB29CD00AED28B /* ViewController.h */,
				D059A60318CB29CD00AED28B /* ViewController.m */,
				D059A60518CB29CD00AED28B /* Images.xcassets */,
				D059A5F418CB29CD00AED28B /* Supporting Files */,
			);
			path = "Empty Window";
			sourceTree = "<group>";
		};
		D059A5F418CB29CD00AED28B /* Supporting Files */ = {
			isa = PBXGroup;
			children = (
				D059A5F518CB29CD00AED28B /* Empty Window-Info.plist */,
				D059A5F618CB29CD00AED28B /* InfoPlist.strings */,
				D059A5F918CB29CD00AED28B /* main.m */,
				D059A5FB18CB29CD00AED28B /* Empty Window-Prefix.pch */,
			);
			name = "Supporting Files";
			sourceTree = "<group>";
		};
		D059A61218CB29CD00AED28B /* Empty WindowTests */ = {
			isa = PBXGroup;
			children = (
				D059A61818CB29CD00AED28B /* Empty_WindowTests.m */,
				D059A61318CB29CD00AED28B /* Supporting Files */,
			);
			path = "Empty WindowTests";
			sourceTree = "<group>";
		};
		D059A61318CB29CD00AED28B /* Supporting Files */ = {
			isa = PBXGroup;
			children = (
				D059A61418CB29CD00AED28B /* Empty WindowTests-Info.plist */,
				D059A61518CB29CD00AED28B /* InfoPlist.strings */,
			);
			name = "Supporting Files";
			sourceTree = "<group>";
		};
/* End PBXGroup section */

/* Begin PBXNativeTarget section */
		D059A5E918CB29CD00AED28B /* Empty Window */ = {
			isa = PBXNativeTarget;
			buildConfigurationList = D059A61C18CB29CD00AED28B /* Build configuration list for PBXNativeTarget "Empty Window" */;
			buildPhases = (
				D059A5E618CB29CD00AED28B /* Sources */,
				D059A5E718CB29CD00AED28B /* Frameworks */,
				D059A5E818CB29CD00AED28B /* Resources */,
			);
			buildRules = (
			);
			dependencies = (
			);
			name = "Empty Window";
			productName = "Empty Window";
			productReference = D059A5EA18CB29CD00AED28B /* Empty Window.app */;
			productType = "com.apple.product-type.application";
		};
		D059A60A18CB29CD00AED28B /* Empty WindowTests */ = {
			isa = PBXNativeTarget;
			buildConfigurationList = D059A61F18CB29CD00AED28B /* Build configuration list for PBXNativeTarget "Empty WindowTests" */;
			buildPhases = (
				D059A60718CB29CD00AED28B /* Sources */,
				D059A60818CB29CD00AED28B /* Frameworks */,
				D059A60918CB29CD00AED28B /* Resources */,
			);
			buildRules = (
			);
			dependencies = (
				D059A61118CB29CD00AED28B /* PBXTargetDependency */,
			);
			name = "Empty WindowTests";
			productName = "Empty WindowTests";
			productReference = D059A60B18CB29CD00AED28B /* Empty WindowTests.xctest */;
			productType = "com.apple.product-type.bundle.unit-test";
		};
/* End PBXNativeTarget section */

/* Begin PBXProject section */
		D059A5E218CB29CD00AED28B /* Project object */ = {
			isa = PBXProject;
			attributes = {
				LastUpgradeCheck = 0500;
				ORGANIZATIONNAME = "Michele Facchetti";
				TargetAttributes = {
					D059A60A18CB29CD00AED28B = {
						TestTargetID = D059A5E918CB29CD00AED28B;
					};
				};
			};
			buildConfigurationList = D059A5E518CB29CD00AED28B /* Build configuration list for PBXProject "Empty Window" */;
			compatibilityVersion = "Xcode 3.2";
			developmentRegion = English;
			hasScannedForEncodings = 0;
			knownRegions = (
				en,
				Base,
			);
			mainGroup = D059A5E118CB29CD00AED28B;
			productRefGroup = D059A5EB18CB29CD00AED28B /* Products */;
			projectDirPath = "";
			projectRoot = "";
			targets = (
				D059A5E918CB29CD00AED28B /* Empty Window */,
				D059A60A18CB29CD00AED28B /* Empty WindowTests */,
			);
		};
/* End PBXProject section */

/* Begin PBXResourcesBuildPhase section */
		D059A5E818CB29CD00AED28B /* Resources */ = {
			isa = PBXResourcesBuildPhase;
			buildActionMask = 2147483647;
			files = (
				D059A60618CB29CD00AED28B /* Images.xcassets in Resources */,
				D059A5F818CB29CD00AED28B /* InfoPlist.strings in Resources */,
				D059A60118CB29CD00AED28B /* Main.storyboard in Resources */,
			);
			runOnlyForDeploymentPostprocessing = 0;
		};
		D059A60918CB29CD00AED28B /* Resources */ = {
			isa = PBXResourcesBuildPhase;
			buildActionMask = 2147483647;
			files = (
				D059A61718CB29CD00AED28B /* InfoPlist.strings in Resources */,
			);
			runOnlyForDeploymentPostprocessing = 0;
		};
/* End PBXResourcesBuildPhase section */

/* Begin PBXSourcesBuildPhase section */
		D059A5E618CB29CD00AED28B /* Sources */ = {
			isa = PBXSourcesBuildPhase;
			buildActionMask = 2147483647;
			files = (
				D059A60418CB29CD00AED28B /* ViewController.m in Sources */,
				D059A62418CB2B3A00AED28B /* MyRedButton.m in Sources */,
				D059A5FE18CB29CD00AED28B /* AppDelegate.m in Sources */,
				D059A5FA18CB29CD00AED28B /* main.m in Sources */,
			);
			runOnlyForDeploymentPostprocessing = 0;
		};
		D059A60718CB29CD00AED28B /* Sources */ = {
			isa = PBXSourcesBuildPhase;
			buildActionMask = 2147483647;
			files = (
				D059A61918CB29CD00AED28B /* Empty_WindowTests.m in Sources */,
			);
			runOnlyForDeploymentPostprocessing = 0;
		};
/* End PBXSourcesBuildPhase section */

/* Begin PBXTargetDependency section */
		D059A61118CB29CD00AED28B /* PBXTargetDependency */ = {
			isa = PBXTargetDependency;
			target = D059A5E918CB29CD00AED28B /* Empty Window */;
			targetProxy = D059A61018CB29CD00AED28B /* PBXContainerItemProxy */;
		};
/* End PBXTargetDependency section */

/* Begin PBXVariantGroup section */
		D059A5F618CB29CD00AED28B /* InfoPlist.strings */ = {
			isa = PBXVariantGroup;
			children = (
				D059A5F718CB29CD00AED28B /* en */,
			);
			name = InfoPlist.strings;
			sourceTree = "<group>";
		};
		D059A5FF18CB29CD00AED28B /* Main.storyboard */ = {
			isa = PBXVariantGroup;
			children = (
				D059A60018CB29CD00AED28B /* Base */,
			);
			name = Main.storyboard;
			sourceTree = "<group>";
		};
		D059A61518CB29CD00AED28B /* InfoPlist.strings */ = {
			isa = PBXVariantGroup;
			children = (
				D059A61618CB29CD00AED28B /* en */,
			);
			name = InfoPlist.strings;
			sourceTree = "<group>";
		};
/* End PBXVariantGroup section */

/* Begin XCBuildConfiguration section */
		D059A61A18CB29CD00AED28B /* Debug */ = {
			isa = XCBuildConfiguration;
			buildSettings = {
				ALWAYS_SEARCH_USER_PATHS = NO;
				ARCHS = "$(ARCHS_STANDARD_INCLUDING_64_BIT)";
				CLANG_CXX_LANGUAGE_STANDARD = "gnu++0x";
				CLANG_CXX_LIBRARY = "libc++";
				CLANG_ENABLE_MODULES = YES;
				CLANG_ENABLE_OBJC_ARC = YES;
				CLANG_WARN_BOOL_CONVERSION = YES;
				CLANG_WARN_CONSTANT_CONVERSION = YES;
				CLANG_WARN_DIRECT_OBJC_ISA_USAGE = YES_ERROR;
				CLANG_WARN_EMPTY_BODY = YES;
				CLANG_WARN_ENUM_CONVERSION = YES;
				CLANG_WARN_INT_CONVERSION = YES;
				CLANG_WARN_OBJC_ROOT_CLASS = YES_ERROR;
				CLANG_WARN__DUPLICATE_METHOD_MATCH = YES;
				"CODE_SIGN_IDENTITY[sdk=iphoneos*]" = "iPhone Developer";
				COPY_PHASE_STRIP = NO;
				GCC_C_LANGUAGE_STANDARD = gnu99;
				GCC_DYNAMIC_NO_PIC = NO;
				GCC_OPTIMIZATION_LEVEL = 0;
				GCC_PREPROCESSOR_DEFINITIONS = (
					"DEBUG=1",
					"$(inherited)",
				);
				GCC_SYMBOLS_PRIVATE_EXTERN = NO;
				GCC_WARN_64_TO_32_BIT_CONVERSION = YES;
				GCC_WARN_ABOUT_RETURN_TYPE = YES_ERROR;
				GCC_WARN_UNDECLARED_SELECTOR = YES;
				GCC_WARN_UNINITIALIZED_AUTOS = YES;
				GCC_WARN_UNUSED_FUNCTION = YES;
				GCC_WARN_UNUSED_VARIABLE = YES;
				IPHONEOS_DEPLOYMENT_TARGET = 7.0;
				ONLY_ACTIVE_ARCH = YES;
				SDKROOT = iphoneos;
			};
			name = Debug;
		};
		D059A61B18CB29CD00AED28B /* Release */ = {
			isa = XCBuildConfiguration;
			buildSettings = {
				ALWAYS_SEARCH_USER_PATHS = NO;
				ARCHS = "$(ARCHS_STANDARD_INCLUDING_64_BIT)";
				CLANG_CXX_LANGUAGE_STANDARD = "gnu++0x";
				CLANG_CXX_LIBRARY = "libc++";
				CLANG_ENABLE_MODULES = YES;
				CLANG_ENABLE_OBJC_ARC = YES;
				CLANG_WARN_BOOL_CONVERSION = YES;
				CLANG_WARN_CONSTANT_CONVERSION = YES;
				CLANG_WARN_DIRECT_OBJC_ISA_USAGE = YES_ERROR;
				CLANG_WARN_EMPTY_BODY = YES;
				CLANG_WARN_ENUM_CONVERSION = YES;
				CLANG_WARN_INT_CONVERSION = YES;
				CLANG_WARN_OBJC_ROOT_CLASS = YES_ERROR;
				CLANG_WARN__DUPLICATE_METHOD_MATCH = YES;
				"CODE_SIGN_IDENTITY[sdk=iphoneos*]" = "iPhone Developer";
				COPY_PHASE_STRIP = YES;
				ENABLE_NS_ASSERTIONS = NO;
				GCC_C_LANGUAGE_STANDARD = gnu99;
				GCC_WARN_64_TO_32_BIT_CONVERSION = YES;
				GCC_WARN_ABOUT_RETURN_TYPE = YES_ERROR;
				GCC_WARN_UNDECLARED_SELECTOR = YES;
				GCC_WARN_UNINITIALIZED_AUTOS = YES;
				GCC_WARN_UNUSED_FUNCTION = YES;
				GCC_WARN_UNUSED_VARIABLE = YES;
				IPHONEOS_DEPLOYMENT_TARGET = 7.0;
				SDKROOT = iphoneos;
				VALIDATE_PRODUCT = YES;
			};
			name = Release;
		};
		D059A61D18CB29CD00AED28B /* Debug */ = {
			isa = XCBuildConfiguration;
			buildSettings = {
				ASSETCATALOG_COMPILER_APPICON_NAME = AppIcon;
				ASSETCATALOG_COMPILER_LAUNCHIMAGE_NAME = LaunchImage;
				GCC_PRECOMPILE_PREFIX_HEADER = YES;
				GCC_PREFIX_HEADER = "Empty Window/Empty Window-Prefix.pch";
				INFOPLIST_FILE = "Empty Window/Empty Window-Info.plist";
				PRODUCT_NAME = "$(TARGET_NAME)";
				WRAPPER_EXTENSION = app;
			};
			name = Debug;
		};
		D059A61E18CB29CD00AED28B /* Release */ = {
			isa = XCBuildConfiguration;
			buildSettings = {
				ASSETCATALOG_COMPILER_APPICON_NAME = AppIcon;
				ASSETCATALOG_COMPILER_LAUNCHIMAGE_NAME = LaunchImage;
				GCC_PRECOMPILE_PREFIX_HEADER = YES;
				GCC_PREFIX_HEADER = "Empty Window/Empty Window-Prefix.pch";
				INFOPLIST_FILE = "Empty Window/Empty Window-Info.plist";
				PRODUCT_NAME = "$(TARGET_NAME)";
				WRAPPER_EXTENSION = app;
			};
			name = Release;
		};
		D059A62018CB29CD00AED28B /* Debug */ = {
			isa = XCBuildConfiguration;
			buildSettings = {
				ARCHS = "$(ARCHS_STANDARD_INCLUDING_64_BIT)";
				BUNDLE_LOADER = "$(BUILT_PRODUCTS_DIR)/Empty Window.app/Empty Window";
				FRAMEWORK_SEARCH_PATHS = (
					"$(SDKROOT)/Developer/Library/Frameworks",
					"$(inherited)",
					"$(DEVELOPER_FRAMEWORKS_DIR)",
				);
				GCC_PRECOMPILE_PREFIX_HEADER = YES;
				GCC_PREFIX_HEADER = "Empty Window/Empty Window-Prefix.pch";
				GCC_PREPROCESSOR_DEFINITIONS = (
					"DEBUG=1",
					"$(inherited)",
				);
				INFOPLIST_FILE = "Empty WindowTests/Empty WindowTests-Info.plist";
				PRODUCT_NAME = "$(TARGET_NAME)";
				TEST_HOST = "$(BUNDLE_LOADER)";
				WRAPPER_EXTENSION = xctest;
			};
			name = Debug;
		};
		D059A62118CB29CD00AED28B /* Release */ = {
			isa = XCBuildConfiguration;
			buildSettings = {
				ARCHS = "$(ARCHS_STANDARD_INCLUDING_64_BIT)";
				BUNDLE_LOADER = "$(BUILT_PRODUCTS_DIR)/Empty Window.app/Empty Window";
				FRAMEWORK_SEARCH_PATHS = (
					"$(SDKROOT)/Developer/Library/Frameworks",
					"$(inherited)",
					"$(DEVELOPER_FRAMEWORKS_DIR)",
				);
				GCC_PRECOMPILE_PREFIX_HEADER = YES;
				GCC_PREFIX_HEADER = "Empty Window/Empty Window-Prefix.pch";
				INFOPLIST_FILE = "Empty WindowTests/Empty WindowTests-Info.plist";
				PRODUCT_NAME = "$(TARGET_NAME)";
				TEST_HOST = "$(BUNDLE_LOADER)";
				WRAPPER_EXTENSION = xctest;
			};
			name = Release;
		};
/* End XCBuildConfiguration section */

/* Begin XCConfigurationList section */
		D059A5E518CB29CD00AED28B /* Build configuration list for PBXProject "Empty Window" */ = {
			isa = XCConfigurationList;
			buildConfigurations = (
				D059A61A18CB29CD00AED28B /* Debug */,
				D059A61B18CB29CD00AED28B /* Release */,
			);
			defaultConfigurationIsVisible = 0;
			defaultConfigurationName = Release;
		};
		D059A61C18CB29CD00AED28B /* Build configuration list for PBXNativeTarget "Empty Window" */ = {
			isa = XCConfigurationList;
			buildConfigurations = (
				D059A61D18CB29CD00AED28B /* Debug */,
				D059A61E18CB29CD00AED28B /* Release */,
			);
			defaultConfigurationIsVisible = 0;
		};
		D059A61F18CB29CD00AED28B /* Build configuration list for PBXNativeTarget "Empty WindowTests" */ = {
			isa = XCConfigurationList;
			buildConfigurations = (
				D059A62018CB29CD00AED28B /* Debug */,
				D059A62118CB29CD00AED28B /* Release */,
			);
			defaultConfigurationIsVisible = 0;
		};
/* End XCConfigurationList section */
	};
	rootObject = D059A5E218CB29CD00AED28B /* Project object */;
}
